
Microsoft Visual Studio Solution File, Format Version 12.00
# Visual Studio Version 17
VisualStudioVersion = 17.5.002.0
MinimumVisualStudioVersion = 10.0.40219.1
Project("{9A19103F-16F7-4668-BE54-9A1E7A4F7556}") = "AtividadeArvoreBasica", "AtividadeArvoreBasica.csproj", "{C23B3F93-7A04-42C5-AEE1-1E1932FDB78D}"
EndProject
Global
	GlobalSection(SolutionConfigurationPlatforms) = preSolution
		Debug|Any CPU = Debug|Any CPU
		Release|Any CPU = Release|Any CPU
	EndGlobalSection
	GlobalSection(ProjectConfigurationPlatforms) = postSolution
		{C23B3F93-7A04-42C5-AEE1-1E1932FDB78D}.Debug|Any CPU.ActiveCfg = Debug|Any CPU
		{C23B3F93-7A04-42C5-AEE1-1E1932FDB78D}.Debug|Any CPU.Build.0 = Debug|Any CPU
		{C23B3F93-7A04-42C5-AEE1-1E1932FDB78D}.Release|Any CPU.ActiveCfg = Release|Any CPU
		{C23B3F93-7A04-42C5-AEE1-1E1932FDB78D}.Release|Any CPU.Build.0 = Release|Any CPU
	EndGlobalSection
	GlobalSection(SolutionProperties) = preSolution
		HideSolutionNode = FALSE
	EndGlobalSection
	GlobalSection(ExtensibilityGlobals) = postSolution
		SolutionGuid = {43EAA3F0-2733-43F6-8BC2-CFBF11FE9646}
	EndGlobalSection
EndGlobal
